
Microsoft Visual Studio Solution File, Format Version 12.00
# Visual Studio Version 17
VisualStudioVersion = 17.10.35004.147
MinimumVisualStudioVersion = 10.0.40219.1
Project("{FAE04EC0-301F-11D3-BF4B-00C04F79EFBC}") = "Task_8", "Task_8.csproj", "{708748DA-4BF4-41B4-BB02-9C2A85E9B193}"
EndProject
Global
	GlobalSection(SolutionConfigurationPlatforms) = preSolution
		Debug|Any CPU = Debug|Any CPU
		Release|Any CPU = Release|Any CPU
	EndGlobalSection
	GlobalSection(ProjectConfigurationPlatforms) = postSolution
		{708748DA-4BF4-41B4-BB02-9C2A85E9B193}.Debug|Any CPU.ActiveCfg = Debug|Any CPU
		{708748DA-4BF4-41B4-BB02-9C2A85E9B193}.Debug|Any CPU.Build.0 = Debug|Any CPU
		{708748DA-4BF4-41B4-BB02-9C2A85E9B193}.Release|Any CPU.ActiveCfg = Release|Any CPU
		{708748DA-4BF4-41B4-BB02-9C2A85E9B193}.Release|Any CPU.Build.0 = Release|Any CPU
	EndGlobalSection
	GlobalSection(SolutionProperties) = preSolution
		HideSolutionNode = FALSE
	EndGlobalSection
	GlobalSection(ExtensibilityGlobals) = postSolution
		SolutionGuid = {7E1E70F0-B98D-4744-9794-DA30FAC3251A}
	EndGlobalSection
EndGlobal
